
Microsoft Visual Studio Solution File, Format Version 12.00
# Visual Studio Version 16
VisualStudioVersion = 16.0.30320.27
MinimumVisualStudioVersion = 10.0.40219.1
Project("{8BC9CEB8-8B4A-11D0-8D11-00A0C91BC942}") = "BruteForce", "BruteForce\BruteForce.vcxproj", "{B199A66D-DCBA-416D-B695-A21DB2625BFD}"
EndProject
Global
	GlobalSection(SolutionConfigurationPlatforms) = preSolution
		Debug|x64 = Debug|x64
		Debug|x86 = Debug|x86
		Release|x64 = Release|x64
		Release|x86 = Release|x86
	EndGlobalSection
	GlobalSection(ProjectConfigurationPlatforms) = postSolution
		{B199A66D-DCBA-416D-B695-A21DB2625BFD}.Debug|x64.ActiveCfg = Debug|x64
		{B199A66D-DCBA-416D-B695-A21DB2625BFD}.Debug|x64.Build.0 = Debug|x64
		{B199A66D-DCBA-416D-B695-A21DB2625BFD}.Debug|x86.ActiveCfg = Debug|Win32
		{B199A66D-DCBA-416D-B695-A21DB2625BFD}.Debug|x86.Build.0 = Debug|Win32
		{B199A66D-DCBA-416D-B695-A21DB2625BFD}.Release|x64.ActiveCfg = Release|x64
		{B199A66D-DCBA-416D-B695-A21DB2625BFD}.Release|x64.Build.0 = Release|x64
		{B199A66D-DCBA-416D-B695-A21DB2625BFD}.Release|x86.ActiveCfg = Release|Win32
		{B199A66D-DCBA-416D-B695-A21DB2625BFD}.Release|x86.Build.0 = Release|Win32
	EndGlobalSection
	GlobalSection(SolutionProperties) = preSolution
		HideSolutionNode = FALSE
	EndGlobalSection
	GlobalSection(ExtensibilityGlobals) = postSolution
		SolutionGuid = {873C7503-C679-43AC-A15E-248246750E47}
	EndGlobalSection
EndGlobal
